PODS:
  - Celestial (0.7.35)
  - ComposableDataSource (0.3.0)

DEPENDENCIES:
  - Celestial
  - ComposableDataSource (from `../`)

SPEC REPOS:
  trunk:
    - Celestial

EXTERNAL SOURCES:
  ComposableDataSource:
    :path: "../"

SPEC CHECKSUMS:
  Celestial: 9d19b37afc67b0b9014138ecc794a26434d0826d
  ComposableDataSource: 06fee5264303b6a1d6c23d00fc316c1179c5f56f

PODFILE CHECKSUM: 903993451e3b7b662be35cad6983d1ad8c122f41

COCOAPODS: 1.9.3
