PODS:
  - Celestial (0.8.25)
  - ComposableDataSource (0.5.9)
  - FBSnapshotTestCase (2.1.4):
    - FBSnapshotTestCase/SwiftSupport (= 2.1.4)
  - FBSnapshotTestCase/Core (2.1.4)
  - FBSnapshotTestCase/SwiftSupport (2.1.4):
    - FBSnapshotTestCase/Core
  - iOSSnapshotTestCase (6.2.0):
    - iOSSnapshotTestCase/SwiftSupport (= 6.2.0)
  - iOSSnapshotTestCase/Core (6.2.0)
  - iOSSnapshotTestCase/SwiftSupport (6.2.0):
    - iOSSnapshotTestCase/Core
  - Nimble (8.1.1)
  - Nimble-Snapshots (8.2.1):
    - Nimble-Snapshots/Core (= 8.2.1)
  - Nimble-Snapshots/Core (8.2.1):
    - iOSSnapshotTestCase (~> 6.0)
    - Nimble (~> 8.0)
  - Quick (3.0.0)

DEPENDENCIES:
  - Celestial
  - ComposableDataSource (from `../`)
  - FBSnapshotTestCase
  - Nimble
  - Nimble-Snapshots
  - Quick

SPEC REPOS:
  trunk:
    - Celestial
    - FBSnapshotTestCase
    - iOSSnapshotTestCase
    - Nimble
    - Nimble-Snapshots
    - Quick

EXTERNAL SOURCES:
  ComposableDataSource:
    :path: "../"

SPEC CHECKSUMS:
  Celestial: 4a66a2a28327f813f1f8f4a1960acb4b2d692085
  ComposableDataSource: 1a12ea0b0c3937c8c1a96efc7eda99ca1d71bd39
  FBSnapshotTestCase: 094f9f314decbabe373b87cc339bea235a63e07a
  iOSSnapshotTestCase: 9ab44cb5aa62b84d31847f40680112e15ec579a6
  Nimble: 5f8a2fb6fa343a7242dfdd9d42f7267419d464b2
  Nimble-Snapshots: 3a4750d83752625c8ebfdc588da105303ee2201e
  Quick: 6d9559f40647bc4d510103842ef2fdd882d753e2

PODFILE CHECKSUM: 1407f7e223c4d4004b9b93dc7f3f254cbd13c403

COCOAPODS: 1.9.3
